
Microsoft Visual Studio Solution File, Format Version 12.00
# Visual Studio Version 16
VisualStudioVersion = 16.0.30225.117
MinimumVisualStudioVersion = 10.0.40219.1
Project("{FAE04EC0-301F-11D3-BF4B-00C04F79EFBC}") = "LazyGenerals", "LazyGenerals\LazyGenerals.csproj", "{86D1518B-8F85-4547-828E-100DCFCBCA52}"
EndProject
Project("{FAE04EC0-301F-11D3-BF4B-00C04F79EFBC}") = "Server", "Server\Server.csproj", "{6295400C-B1DB-47C7-A08F-8AE9D8FEBF83}"
EndProject
Project("{9A19103F-16F7-4668-BE54-9A1E7A4F7556}") = "LazyGeneralsServer", "LazyGeneralsServer\LazyGeneralsServer.csproj", "{0845943A-7A2A-4CA3-89E3-B8AEC0152376}"
EndProject
Project("{FAE04EC0-301F-11D3-BF4B-00C04F79EFBC}") = "LazyGeneralsClient", "LazyGeneralsClient\LazyGeneralsClient.csproj", "{DE83DDF9-E526-4F58-930D-71293AEC74A9}"
EndProject
Global
	GlobalSection(SolutionConfigurationPlatforms) = preSolution
		Debug|Any CPU = Debug|Any CPU
		Debug|x64 = Debug|x64
		Debug|x86 = Debug|x86
		Release|Any CPU = Release|Any CPU
		Release|x64 = Release|x64
		Release|x86 = Release|x86
	EndGlobalSection
	GlobalSection(ProjectConfigurationPlatforms) = postSolution
		{86D1518B-8F85-4547-828E-100DCFCBCA52}.Debug|Any CPU.ActiveCfg = Debug|Any CPU
		{86D1518B-8F85-4547-828E-100DCFCBCA52}.Debug|Any CPU.Build.0 = Debug|Any CPU
		{86D1518B-8F85-4547-828E-100DCFCBCA52}.Debug|x64.ActiveCfg = Debug|Any CPU
		{86D1518B-8F85-4547-828E-100DCFCBCA52}.Debug|x64.Build.0 = Debug|Any CPU
		{86D1518B-8F85-4547-828E-100DCFCBCA52}.Debug|x86.ActiveCfg = Debug|Any CPU
		{86D1518B-8F85-4547-828E-100DCFCBCA52}.Debug|x86.Build.0 = Debug|Any CPU
		{86D1518B-8F85-4547-828E-100DCFCBCA52}.Release|Any CPU.ActiveCfg = Release|Any CPU
		{86D1518B-8F85-4547-828E-100DCFCBCA52}.Release|Any CPU.Build.0 = Release|Any CPU
		{86D1518B-8F85-4547-828E-100DCFCBCA52}.Release|x64.ActiveCfg = Release|Any CPU
		{86D1518B-8F85-4547-828E-100DCFCBCA52}.Release|x64.Build.0 = Release|Any CPU
		{86D1518B-8F85-4547-828E-100DCFCBCA52}.Release|x86.ActiveCfg = Release|Any CPU
		{86D1518B-8F85-4547-828E-100DCFCBCA52}.Release|x86.Build.0 = Release|Any CPU
		{6295400C-B1DB-47C7-A08F-8AE9D8FEBF83}.Debug|Any CPU.ActiveCfg = Debug|Any CPU
		{6295400C-B1DB-47C7-A08F-8AE9D8FEBF83}.Debug|Any CPU.Build.0 = Debug|Any CPU
		{6295400C-B1DB-47C7-A08F-8AE9D8FEBF83}.Debug|x64.ActiveCfg = Debug|Any CPU
		{6295400C-B1DB-47C7-A08F-8AE9D8FEBF83}.Debug|x64.Build.0 = Debug|Any CPU
		{6295400C-B1DB-47C7-A08F-8AE9D8FEBF83}.Debug|x86.ActiveCfg = Debug|Any CPU
		{6295400C-B1DB-47C7-A08F-8AE9D8FEBF83}.Debug|x86.Build.0 = Debug|Any CPU
		{6295400C-B1DB-47C7-A08F-8AE9D8FEBF83}.Release|Any CPU.ActiveCfg = Release|Any CPU
		{6295400C-B1DB-47C7-A08F-8AE9D8FEBF83}.Release|Any CPU.Build.0 = Release|Any CPU
		{6295400C-B1DB-47C7-A08F-8AE9D8FEBF83}.Release|x64.ActiveCfg = Release|Any CPU
		{6295400C-B1DB-47C7-A08F-8AE9D8FEBF83}.Release|x64.Build.0 = Release|Any CPU
		{6295400C-B1DB-47C7-A08F-8AE9D8FEBF83}.Release|x86.ActiveCfg = Release|Any CPU
		{6295400C-B1DB-47C7-A08F-8AE9D8FEBF83}.Release|x86.Build.0 = Release|Any CPU
		{0845943A-7A2A-4CA3-89E3-B8AEC0152376}.Debug|Any CPU.ActiveCfg = Debug|Any CPU
		{0845943A-7A2A-4CA3-89E3-B8AEC0152376}.Debug|Any CPU.Build.0 = Debug|Any CPU
		{0845943A-7A2A-4CA3-89E3-B8AEC0152376}.Debug|x64.ActiveCfg = Debug|Any CPU
		{0845943A-7A2A-4CA3-89E3-B8AEC0152376}.Debug|x64.Build.0 = Debug|Any CPU
		{0845943A-7A2A-4CA3-89E3-B8AEC0152376}.Debug|x86.ActiveCfg = Debug|Any CPU
		{0845943A-7A2A-4CA3-89E3-B8AEC0152376}.Debug|x86.Build.0 = Debug|Any CPU
		{0845943A-7A2A-4CA3-89E3-B8AEC0152376}.Release|Any CPU.ActiveCfg = Release|Any CPU
		{0845943A-7A2A-4CA3-89E3-B8AEC0152376}.Release|Any CPU.Build.0 = Release|Any CPU
		{0845943A-7A2A-4CA3-89E3-B8AEC0152376}.Release|x64.ActiveCfg = Release|Any CPU
		{0845943A-7A2A-4CA3-89E3-B8AEC0152376}.Release|x64.Build.0 = Release|Any CPU
		{0845943A-7A2A-4CA3-89E3-B8AEC0152376}.Release|x86.ActiveCfg = Release|Any CPU
		{0845943A-7A2A-4CA3-89E3-B8AEC0152376}.Release|x86.Build.0 = Release|Any CPU
		{DE83DDF9-E526-4F58-930D-71293AEC74A9}.Debug|Any CPU.ActiveCfg = Debug|Any CPU
		{DE83DDF9-E526-4F58-930D-71293AEC74A9}.Debug|Any CPU.Build.0 = Debug|Any CPU
		{DE83DDF9-E526-4F58-930D-71293AEC74A9}.Debug|x64.ActiveCfg = Debug|Any CPU
		{DE83DDF9-E526-4F58-930D-71293AEC74A9}.Debug|x64.Build.0 = Debug|Any CPU
		{DE83DDF9-E526-4F58-930D-71293AEC74A9}.Debug|x86.ActiveCfg = Debug|Any CPU
		{DE83DDF9-E526-4F58-930D-71293AEC74A9}.Debug|x86.Build.0 = Debug|Any CPU
		{DE83DDF9-E526-4F58-930D-71293AEC74A9}.Release|Any CPU.ActiveCfg = Release|Any CPU
		{DE83DDF9-E526-4F58-930D-71293AEC74A9}.Release|Any CPU.Build.0 = Release|Any CPU
		{DE83DDF9-E526-4F58-930D-71293AEC74A9}.Release|x64.ActiveCfg = Release|Any CPU
		{DE83DDF9-E526-4F58-930D-71293AEC74A9}.Release|x64.Build.0 = Release|Any CPU
		{DE83DDF9-E526-4F58-930D-71293AEC74A9}.Release|x86.ActiveCfg = Release|Any CPU
		{DE83DDF9-E526-4F58-930D-71293AEC74A9}.Release|x86.Build.0 = Release|Any CPU
	EndGlobalSection
	GlobalSection(SolutionProperties) = preSolution
		HideSolutionNode = FALSE
	EndGlobalSection
	GlobalSection(ExtensibilityGlobals) = postSolution
		SolutionGuid = {9A8E0AB6-8A69-479C-806C-EDE2A513605B}
	EndGlobalSection
EndGlobal
