
Microsoft Visual Studio Solution File, Format Version 12.00
# Visual Studio 15
VisualStudioVersion = 15.0.28010.2046
MinimumVisualStudioVersion = 10.0.40219.1
Project("{FAE04EC0-301F-11D3-BF4B-00C04F79EFBC}") = "Server", "ServerClientSample\Server.csproj", "{6607EA32-489D-4A26-95C6-089025EF7EE3}"
EndProject
Project("{FAE04EC0-301F-11D3-BF4B-00C04F79EFBC}") = "Client", "Client\Client.csproj", "{505AD264-BB6C-421C-8106-4FF5CA5EC08C}"
EndProject
Global
	GlobalSection(SolutionConfigurationPlatforms) = preSolution
		Debug|Any CPU = Debug|Any CPU
		Release|Any CPU = Release|Any CPU
	EndGlobalSection
	GlobalSection(ProjectConfigurationPlatforms) = postSolution
		{6607EA32-489D-4A26-95C6-089025EF7EE3}.Debug|Any CPU.ActiveCfg = Debug|Any CPU
		{6607EA32-489D-4A26-95C6-089025EF7EE3}.Debug|Any CPU.Build.0 = Debug|Any CPU
		{6607EA32-489D-4A26-95C6-089025EF7EE3}.Release|Any CPU.ActiveCfg = Release|Any CPU
		{6607EA32-489D-4A26-95C6-089025EF7EE3}.Release|Any CPU.Build.0 = Release|Any CPU
		{505AD264-BB6C-421C-8106-4FF5CA5EC08C}.Debug|Any CPU.ActiveCfg = Debug|Any CPU
		{505AD264-BB6C-421C-8106-4FF5CA5EC08C}.Debug|Any CPU.Build.0 = Debug|Any CPU
		{505AD264-BB6C-421C-8106-4FF5CA5EC08C}.Release|Any CPU.ActiveCfg = Release|Any CPU
		{505AD264-BB6C-421C-8106-4FF5CA5EC08C}.Release|Any CPU.Build.0 = Release|Any CPU
	EndGlobalSection
	GlobalSection(SolutionProperties) = preSolution
		HideSolutionNode = FALSE
	EndGlobalSection
	GlobalSection(ExtensibilityGlobals) = postSolution
		SolutionGuid = {ED205ADB-E966-40D4-AC2A-7A9F34329134}
	EndGlobalSection
EndGlobal
