
Microsoft Visual Studio Solution File, Format Version 12.00
# Visual Studio 15
VisualStudioVersion = 15.0.28010.2046
MinimumVisualStudioVersion = 10.0.40219.1
Project("{FAE04EC0-301F-11D3-BF4B-00C04F79EFBC}") = "GeneralsField", "GeneralsField\GeneralsField.csproj", "{C115A86A-9D9E-41BF-8FAD-8F4BDD34A461}"
EndProject
Global
	GlobalSection(SolutionConfigurationPlatforms) = preSolution
		Debug|Any CPU = Debug|Any CPU
		Release|Any CPU = Release|Any CPU
	EndGlobalSection
	GlobalSection(ProjectConfigurationPlatforms) = postSolution
		{C115A86A-9D9E-41BF-8FAD-8F4BDD34A461}.Debug|Any CPU.ActiveCfg = Debug|Any CPU
		{C115A86A-9D9E-41BF-8FAD-8F4BDD34A461}.Debug|Any CPU.Build.0 = Debug|Any CPU
		{C115A86A-9D9E-41BF-8FAD-8F4BDD34A461}.Release|Any CPU.ActiveCfg = Release|Any CPU
		{C115A86A-9D9E-41BF-8FAD-8F4BDD34A461}.Release|Any CPU.Build.0 = Release|Any CPU
	EndGlobalSection
	GlobalSection(SolutionProperties) = preSolution
		HideSolutionNode = FALSE
	EndGlobalSection
	GlobalSection(ExtensibilityGlobals) = postSolution
		SolutionGuid = {1E1C28E5-BF2C-4EF0-AAAA-64350802A9CB}
	EndGlobalSection
EndGlobal
