
Microsoft Visual Studio Solution File, Format Version 12.00
# Visual Studio 15
VisualStudioVersion = 15.0.28010.2036
MinimumVisualStudioVersion = 10.0.40219.1
Project("{FAE04EC0-301F-11D3-BF4B-00C04F79EFBC}") = "LazyGenerals", "LazyGenerals\LazyGenerals.csproj", "{86D1518B-8F85-4547-828E-100DCFCBCA52}"
EndProject
Project("{9A19103F-16F7-4668-BE54-9A1E7A4F7556}") = "Server", "Server\Server.csproj", "{988AB0FE-EC0F-42C4-B722-FD6B6A64AE6E}"
EndProject
Global
	GlobalSection(SolutionConfigurationPlatforms) = preSolution
		Debug|Any CPU = Debug|Any CPU
		Debug|x64 = Debug|x64
		Debug|x86 = Debug|x86
		Release|Any CPU = Release|Any CPU
		Release|x64 = Release|x64
		Release|x86 = Release|x86
	EndGlobalSection
	GlobalSection(ProjectConfigurationPlatforms) = postSolution
		{86D1518B-8F85-4547-828E-100DCFCBCA52}.Debug|Any CPU.ActiveCfg = Debug|Any CPU
		{86D1518B-8F85-4547-828E-100DCFCBCA52}.Debug|Any CPU.Build.0 = Debug|Any CPU
		{86D1518B-8F85-4547-828E-100DCFCBCA52}.Debug|x64.ActiveCfg = Debug|Any CPU
		{86D1518B-8F85-4547-828E-100DCFCBCA52}.Debug|x64.Build.0 = Debug|Any CPU
		{86D1518B-8F85-4547-828E-100DCFCBCA52}.Debug|x86.ActiveCfg = Debug|Any CPU
		{86D1518B-8F85-4547-828E-100DCFCBCA52}.Debug|x86.Build.0 = Debug|Any CPU
		{86D1518B-8F85-4547-828E-100DCFCBCA52}.Release|Any CPU.ActiveCfg = Release|Any CPU
		{86D1518B-8F85-4547-828E-100DCFCBCA52}.Release|Any CPU.Build.0 = Release|Any CPU
		{86D1518B-8F85-4547-828E-100DCFCBCA52}.Release|x64.ActiveCfg = Release|Any CPU
		{86D1518B-8F85-4547-828E-100DCFCBCA52}.Release|x64.Build.0 = Release|Any CPU
		{86D1518B-8F85-4547-828E-100DCFCBCA52}.Release|x86.ActiveCfg = Release|Any CPU
		{86D1518B-8F85-4547-828E-100DCFCBCA52}.Release|x86.Build.0 = Release|Any CPU
		{988AB0FE-EC0F-42C4-B722-FD6B6A64AE6E}.Debug|Any CPU.ActiveCfg = Debug|Any CPU
		{988AB0FE-EC0F-42C4-B722-FD6B6A64AE6E}.Debug|Any CPU.Build.0 = Debug|Any CPU
		{988AB0FE-EC0F-42C4-B722-FD6B6A64AE6E}.Debug|x64.ActiveCfg = Debug|Any CPU
		{988AB0FE-EC0F-42C4-B722-FD6B6A64AE6E}.Debug|x64.Build.0 = Debug|Any CPU
		{988AB0FE-EC0F-42C4-B722-FD6B6A64AE6E}.Debug|x86.ActiveCfg = Debug|Any CPU
		{988AB0FE-EC0F-42C4-B722-FD6B6A64AE6E}.Debug|x86.Build.0 = Debug|Any CPU
		{988AB0FE-EC0F-42C4-B722-FD6B6A64AE6E}.Release|Any CPU.ActiveCfg = Release|Any CPU
		{988AB0FE-EC0F-42C4-B722-FD6B6A64AE6E}.Release|Any CPU.Build.0 = Release|Any CPU
		{988AB0FE-EC0F-42C4-B722-FD6B6A64AE6E}.Release|x64.ActiveCfg = Release|Any CPU
		{988AB0FE-EC0F-42C4-B722-FD6B6A64AE6E}.Release|x64.Build.0 = Release|Any CPU
		{988AB0FE-EC0F-42C4-B722-FD6B6A64AE6E}.Release|x86.ActiveCfg = Release|Any CPU
		{988AB0FE-EC0F-42C4-B722-FD6B6A64AE6E}.Release|x86.Build.0 = Release|Any CPU
	EndGlobalSection
	GlobalSection(SolutionProperties) = preSolution
		HideSolutionNode = FALSE
	EndGlobalSection
	GlobalSection(ExtensibilityGlobals) = postSolution
		SolutionGuid = {9A8E0AB6-8A69-479C-806C-EDE2A513605B}
	EndGlobalSection
EndGlobal
